
Microsoft Visual Studio Solution File, Format Version 12.00
# Visual Studio Version 16
VisualStudioVersion = 16.0.29613.14
MinimumVisualStudioVersion = 10.0.40219.1
Project("{FAE04EC0-301F-11D3-BF4B-00C04F79EFBC}") = "CollectingData-SocialNetworks", "CollectingData-SocialNetworks\CollectingData-SocialNetworks.csproj", "{F1AB9951-FD95-4036-BA1C-3C15D2AFF80B}"
EndProject
Global
	GlobalSection(SolutionConfigurationPlatforms) = preSolution
		Debug|Any CPU = Debug|Any CPU
		Release|Any CPU = Release|Any CPU
	EndGlobalSection
	GlobalSection(ProjectConfigurationPlatforms) = postSolution
		{F1AB9951-FD95-4036-BA1C-3C15D2AFF80B}.Debug|Any CPU.ActiveCfg = Debug|Any CPU
		{F1AB9951-FD95-4036-BA1C-3C15D2AFF80B}.Debug|Any CPU.Build.0 = Debug|Any CPU
		{F1AB9951-FD95-4036-BA1C-3C15D2AFF80B}.Release|Any CPU.ActiveCfg = Release|Any CPU
		{F1AB9951-FD95-4036-BA1C-3C15D2AFF80B}.Release|Any CPU.Build.0 = Release|Any CPU
	EndGlobalSection
	GlobalSection(SolutionProperties) = preSolution
		HideSolutionNode = FALSE
	EndGlobalSection
	GlobalSection(ExtensibilityGlobals) = postSolution
		SolutionGuid = {90690024-896B-470B-8D6A-0215199BE142}
	EndGlobalSection
EndGlobal
